// !$*UTF8*$!
{
	archiveVersion = 1;
	classes = {
	};
	objectVersion = 48;
	objects = {

/* Begin PBXBuildFile section */
		5684450E2043AEEC004891D8 /* AppDelegate.m in Sources */ = {isa = PBXBuildFile; fileRef = 5684450D2043AEEC004891D8 /* AppDelegate.m */; };
		568445112043AEEC004891D8 /* ViewController.m in Sources */ = {isa = PBXBuildFile; fileRef = 568445102043AEEC004891D8 /* ViewController.m */; };
		568445142043AEEC004891D8 /* Main.storyboard in Resources */ = {isa = PBXBuildFile; fileRef = 568445122043AEEC004891D8 /* Main.storyboard */; };
		568445162043AEEC004891D8 /* Assets.xcassets in Resources */ = {isa = PBXBuildFile; fileRef = 568445152043AEEC004891D8 /* Assets.xcassets */; };
		568445192043AEEC004891D8 /* LaunchScreen.storyboard in Resources */ = {isa = PBXBuildFile; fileRef = 568445172043AEEC004891D8 /* LaunchScreen.storyboard */; };
		5684451C2043AEED004891D8 /* main.m in Sources */ = {isa = PBXBuildFile; fileRef = 5684451B2043AEED004891D8 /* main.m */; };
		568445262043AEED004891D8 /* box_AuthorizerTests.m in Sources */ = {isa = PBXBuildFile; fileRef = 568445252043AEED004891D8 /* box_AuthorizerTests.m */; };
		568445312043AEED004891D8 /* box_AuthorizerUITests.m in Sources */ = {isa = PBXBuildFile; fileRef = 568445302043AEED004891D8 /* box_AuthorizerUITests.m */; };
/* End PBXBuildFile section */

/* Begin PBXContainerItemProxy section */
		568445222043AEED004891D8 /* PBXContainerItemProxy */ = {
			isa = PBXContainerItemProxy;
			containerPortal = 568445012043AEEC004891D8 /* Project object */;
			proxyType = 1;
			remoteGlobalIDString = 568445082043AEEC004891D8;
			remoteInfo = "box-Authorizer";
		};
		5684452D2043AEED004891D8 /* PBXContainerItemProxy */ = {
			isa = PBXContainerItemProxy;
			containerPortal = 568445012043AEEC004891D8 /* Project object */;
			proxyType = 1;
			remoteGlobalIDString = 568445082043AEEC004891D8;
			remoteInfo = "box-Authorizer";
		};
/* End PBXContainerItemProxy section */

/* Begin PBXFileReference section */
		568445092043AEEC004891D8 /* box-Authorizer.app */ = {isa = PBXFileReference; explicitFileType = wrapper.application; includeInIndex = 0; path = "box-Authorizer.app"; sourceTree = BUILT_PRODUCTS_DIR; };
		5684450C2043AEEC004891D8 /* AppDelegate.h */ = {isa = PBXFileReference; lastKnownFileType = sourcecode.c.h; path = AppDelegate.h; sourceTree = "<group>"; };
		5684450D2043AEEC004891D8 /* AppDelegate.m */ = {isa = PBXFileReference; lastKnownFileType = sourcecode.c.objc; path = AppDelegate.m; sourceTree = "<group>"; };
		5684450F2043AEEC004891D8 /* ViewController.h */ = {isa = PBXFileReference; lastKnownFileType = sourcecode.c.h; path = ViewController.h; sourceTree = "<group>"; };
		568445102043AEEC004891D8 /* ViewController.m */ = {isa = PBXFileReference; lastKnownFileType = sourcecode.c.objc; path = ViewController.m; sourceTree = "<group>"; };
		568445132043AEEC004891D8 /* Base */ = {isa = PBXFileReference; lastKnownFileType = file.storyboard; name = Base; path = Base.lproj/Main.storyboard; sourceTree = "<group>"; };
		568445152043AEEC004891D8 /* Assets.xcassets */ = {isa = PBXFileReference; lastKnownFileType = folder.assetcatalog; path = Assets.xcassets; sourceTree = "<group>"; };
		568445182043AEEC004891D8 /* Base */ = {isa = PBXFileReference; lastKnownFileType = file.storyboard; name = Base; path = Base.lproj/LaunchScreen.storyboard; sourceTree = "<group>"; };
		5684451A2043AEEC004891D8 /* Info.plist */ = {isa = PBXFileReference; lastKnownFileType = text.plist.xml; path = Info.plist; sourceTree = "<group>"; };
		5684451B2043AEED004891D8 /* main.m */ = {isa = PBXFileReference; lastKnownFileType = sourcecode.c.objc; path = main.m; sourceTree = "<group>"; };
		568445212043AEED004891D8 /* box-AuthorizerTests.xctest */ = {isa = PBXFileReference; explicitFileType = wrapper.cfbundle; includeInIndex = 0; path = "box-AuthorizerTests.xctest"; sourceTree = BUILT_PRODUCTS_DIR; };
		568445252043AEED004891D8 /* box_AuthorizerTests.m */ = {isa = PBXFileReference; lastKnownFileType = sourcecode.c.objc; path = box_AuthorizerTests.m; sourceTree = "<group>"; };
		568445272043AEED004891D8 /* Info.plist */ = {isa = PBXFileReference; lastKnownFileType = text.plist.xml; path = Info.plist; sourceTree = "<group>"; };
		5684452C2043AEED004891D8 /* box-AuthorizerUITests.xctest */ = {isa = PBXFileReference; explicitFileType = wrapper.cfbundle; includeInIndex = 0; path = "box-AuthorizerUITests.xctest"; sourceTree = BUILT_PRODUCTS_DIR; };
		568445302043AEED004891D8 /* box_AuthorizerUITests.m */ = {isa = PBXFileReference; lastKnownFileType = sourcecode.c.objc; path = box_AuthorizerUITests.m; sourceTree = "<group>"; };
		568445322043AEED004891D8 /* Info.plist */ = {isa = PBXFileReference; lastKnownFileType = text.plist.xml; path = Info.plist; sourceTree = "<group>"; };
/* End PBXFileReference section */

/* Begin PBXFrameworksBuildPhase section */
		568445062043AEEC004891D8 /* Frameworks */ = {
			isa = PBXFrameworksBuildPhase;
			buildActionMask = 2147483647;
			files = (
			);
			runOnlyForDeploymentPostprocessing = 0;
		};
		5684451E2043AEED004891D8 /* Frameworks */ = {
			isa = PBXFrameworksBuildPhase;
			buildActionMask = 2147483647;
			files = (
			);
			runOnlyForDeploymentPostprocessing = 0;
		};
		568445292043AEED004891D8 /* Frameworks */ = {
			isa = PBXFrameworksBuildPhase;
			buildActionMask = 2147483647;
			files = (
			);
			runOnlyForDeploymentPostprocessing = 0;
		};
/* End PBXFrameworksBuildPhase section */

/* Begin PBXGroup section */
		568445002043AEEC004891D8 = {
			isa = PBXGroup;
			children = (
				5684450B2043AEEC004891D8 /* box-Authorizer */,
				568445242043AEED004891D8 /* box-AuthorizerTests */,
				5684452F2043AEED004891D8 /* box-AuthorizerUITests */,
				5684450A2043AEEC004891D8 /* Products */,
			);
			sourceTree = "<group>";
		};
		5684450A2043AEEC004891D8 /* Products */ = {
			isa = PBXGroup;
			children = (
				568445092043AEEC004891D8 /* box-Authorizer.app */,
				568445212043AEED004891D8 /* box-AuthorizerTests.xctest */,
				5684452C2043AEED004891D8 /* box-AuthorizerUITests.xctest */,
			);
			name = Products;
			sourceTree = "<group>";
		};
		5684450B2043AEEC004891D8 /* box-Authorizer */ = {
			isa = PBXGroup;
			children = (
				5684450C2043AEEC004891D8 /* AppDelegate.h */,
				5684450D2043AEEC004891D8 /* AppDelegate.m */,
				5684450F2043AEEC004891D8 /* ViewController.h */,
				568445102043AEEC004891D8 /* ViewController.m */,
				568445122043AEEC004891D8 /* Main.storyboard */,
				568445152043AEEC004891D8 /* Assets.xcassets */,
				568445172043AEEC004891D8 /* LaunchScreen.storyboard */,
				5684451A2043AEEC004891D8 /* Info.plist */,
				5684451B2043AEED004891D8 /* main.m */,
			);
			path = "box-Authorizer";
			sourceTree = "<group>";
		};
		568445242043AEED004891D8 /* box-AuthorizerTests */ = {
			isa = PBXGroup;
			children = (
				568445252043AEED004891D8 /* box_AuthorizerTests.m */,
				568445272043AEED004891D8 /* Info.plist */,
			);
			path = "box-AuthorizerTests";
			sourceTree = "<group>";
		};
		5684452F2043AEED004891D8 /* box-AuthorizerUITests */ = {
			isa = PBXGroup;
			children = (
				568445302043AEED004891D8 /* box_AuthorizerUITests.m */,
				568445322043AEED004891D8 /* Info.plist */,
			);
			path = "box-AuthorizerUITests";
			sourceTree = "<group>";
		};
/* End PBXGroup section */

/* Begin PBXNativeTarget section */
		568445082043AEEC004891D8 /* box-Authorizer */ = {
			isa = PBXNativeTarget;
			buildConfigurationList = 568445352043AEED004891D8 /* Build configuration list for PBXNativeTarget "box-Authorizer" */;
			buildPhases = (
				568445052043AEEC004891D8 /* Sources */,
				568445062043AEEC004891D8 /* Frameworks */,
				568445072043AEEC004891D8 /* Resources */,
			);
			buildRules = (
			);
			dependencies = (
			);
			name = "box-Authorizer";
			productName = "box-Authorizer";
			productReference = 568445092043AEEC004891D8 /* box-Authorizer.app */;
			productType = "com.apple.product-type.application";
		};
		568445202043AEED004891D8 /* box-AuthorizerTests */ = {
			isa = PBXNativeTarget;
			buildConfigurationList = 568445382043AEED004891D8 /* Build configuration list for PBXNativeTarget "box-AuthorizerTests" */;
			buildPhases = (
				5684451D2043AEED004891D8 /* Sources */,
				5684451E2043AEED004891D8 /* Frameworks */,
				5684451F2043AEED004891D8 /* Resources */,
			);
			buildRules = (
			);
			dependencies = (
				568445232043AEED004891D8 /* PBXTargetDependency */,
			);
			name = "box-AuthorizerTests";
			productName = "box-AuthorizerTests";
			productReference = 568445212043AEED004891D8 /* box-AuthorizerTests.xctest */;
			productType = "com.apple.product-type.bundle.unit-test";
		};
		5684452B2043AEED004891D8 /* box-AuthorizerUITests */ = {
			isa = PBXNativeTarget;
			buildConfigurationList = 5684453B2043AEED004891D8 /* Build configuration list for PBXNativeTarget "box-AuthorizerUITests" */;
			buildPhases = (
				568445282043AEED004891D8 /* Sources */,
				568445292043AEED004891D8 /* Frameworks */,
				5684452A2043AEED004891D8 /* Resources */,
			);
			buildRules = (
			);
			dependencies = (
				5684452E2043AEED004891D8 /* PBXTargetDependency */,
			);
			name = "box-AuthorizerUITests";
			productName = "box-AuthorizerUITests";
			productReference = 5684452C2043AEED004891D8 /* box-AuthorizerUITests.xctest */;
			productType = "com.apple.product-type.bundle.ui-testing";
		};
/* End PBXNativeTarget section */

/* Begin PBXProject section */
		568445012043AEEC004891D8 /* Project object */ = {
			isa = PBXProject;
			attributes = {
				LastUpgradeCheck = 0920;
				ORGANIZATIONNAME = 2se;
				TargetAttributes = {
					568445082043AEEC004891D8 = {
						CreatedOnToolsVersion = 9.2;
						ProvisioningStyle = Automatic;
					};
					568445202043AEED004891D8 = {
						CreatedOnToolsVersion = 9.2;
						ProvisioningStyle = Automatic;
						TestTargetID = 568445082043AEEC004891D8;
					};
					5684452B2043AEED004891D8 = {
						CreatedOnToolsVersion = 9.2;
						ProvisioningStyle = Automatic;
						TestTargetID = 568445082043AEEC004891D8;
					};
				};
			};
			buildConfigurationList = 568445042043AEEC004891D8 /* Build configuration list for PBXProject "box-Authorizer" */;
			compatibilityVersion = "Xcode 8.0";
			developmentRegion = en;
			hasScannedForEncodings = 0;
			knownRegions = (
				en,
				Base,
			);
			mainGroup = 568445002043AEEC004891D8;
			productRefGroup = 5684450A2043AEEC004891D8 /* Products */;
			projectDirPath = "";
			projectRoot = "";
			targets = (
				568445082043AEEC004891D8 /* box-Authorizer */,
				568445202043AEED004891D8 /* box-AuthorizerTests */,
				5684452B2043AEED004891D8 /* box-AuthorizerUITests */,
			);
		};
/* End PBXProject section */

/* Begin PBXResourcesBuildPhase section */
		568445072043AEEC004891D8 /* Resources */ = {
			isa = PBXResourcesBuildPhase;
			buildActionMask = 2147483647;
			files = (
				568445192043AEEC004891D8 /* LaunchScreen.storyboard in Resources */,
				568445162043AEEC004891D8 /* Assets.xcassets in Resources */,
				568445142043AEEC004891D8 /* Main.storyboard in Resources */,
			);
			runOnlyForDeploymentPostprocessing = 0;
		};
		5684451F2043AEED004891D8 /* Resources */ = {
			isa = PBXResourcesBuildPhase;
			buildActionMask = 2147483647;
			files = (
			);
			runOnlyForDeploymentPostprocessing = 0;
		};
		5684452A2043AEED004891D8 /* Resources */ = {
			isa = PBXResourcesBuildPhase;
			buildActionMask = 2147483647;
			files = (
			);
			runOnlyForDeploymentPostprocessing = 0;
		};
/* End PBXResourcesBuildPhase section */

/* Begin PBXSourcesBuildPhase section */
		568445052043AEEC004891D8 /* Sources */ = {
			isa = PBXSourcesBuildPhase;
			buildActionMask = 2147483647;
			files = (
				568445112043AEEC004891D8 /* ViewController.m in Sources */,
				5684451C2043AEED004891D8 /* main.m in Sources */,
				5684450E2043AEEC004891D8 /* AppDelegate.m in Sources */,
			);
			runOnlyForDeploymentPostprocessing = 0;
		};
		5684451D2043AEED004891D8 /* Sources */ = {
			isa = PBXSourcesBuildPhase;
			buildActionMask = 2147483647;
			files = (
				568445262043AEED004891D8 /* box_AuthorizerTests.m in Sources */,
			);
			runOnlyForDeploymentPostprocessing = 0;
		};
		568445282043AEED004891D8 /* Sources */ = {
			isa = PBXSourcesBuildPhase;
			buildActionMask = 2147483647;
			files = (
				568445312043AEED004891D8 /* box_AuthorizerUITests.m in Sources */,
			);
			runOnlyForDeploymentPostprocessing = 0;
		};
/* End PBXSourcesBuildPhase section */

/* Begin PBXTargetDependency section */
		568445232043AEED004891D8 /* PBXTargetDependency */ = {
			isa = PBXTargetDependency;
			target = 568445082043AEEC004891D8 /* box-Authorizer */;
			targetProxy = 568445222043AEED004891D8 /* PBXContainerItemProxy */;
		};
		5684452E2043AEED004891D8 /* PBXTargetDependency */ = {
			isa = PBXTargetDependency;
			target = 568445082043AEEC004891D8 /* box-Authorizer */;
			targetProxy = 5684452D2043AEED004891D8 /* PBXContainerItemProxy */;
		};
/* End PBXTargetDependency section */

/* Begin PBXVariantGroup section */
		568445122043AEEC004891D8 /* Main.storyboard */ = {
			isa = PBXVariantGroup;
			children = (
				568445132043AEEC004891D8 /* Base */,
			);
			name = Main.storyboard;
			sourceTree = "<group>";
		};
		568445172043AEEC004891D8 /* LaunchScreen.storyboard */ = {
			isa = PBXVariantGroup;
			children = (
				568445182043AEEC004891D8 /* Base */,
			);
			name = LaunchScreen.storyboard;
			sourceTree = "<group>";
		};
/* End PBXVariantGroup section */

/* Begin XCBuildConfiguration section */
		568445332043AEED004891D8 /* Debug */ = {
			isa = XCBuildConfiguration;
			buildSettings = {
				ALWAYS_SEARCH_USER_PATHS = NO;
				CLANG_ANALYZER_NONNULL = YES;
				CLANG_ANALYZER_NUMBER_OBJECT_CONVERSION = YES_AGGRESSIVE;
				CLANG_CXX_LANGUAGE_STANDARD = "gnu++14";
				CLANG_CXX_LIBRARY = "libc++";
				CLANG_ENABLE_MODULES = YES;
				CLANG_ENABLE_OBJC_ARC = YES;
				CLANG_WARN_BLOCK_CAPTURE_AUTORELEASING = YES;
				CLANG_WARN_BOOL_CONVERSION = YES;
				CLANG_WARN_COMMA = YES;
				CLANG_WARN_CONSTANT_CONVERSION = YES;
				CLANG_WARN_DIRECT_OBJC_ISA_USAGE = YES_ERROR;
				CLANG_WARN_DOCUMENTATION_COMMENTS = YES;
				CLANG_WARN_EMPTY_BODY = YES;
				CLANG_WARN_ENUM_CONVERSION = YES;
				CLANG_WARN_INFINITE_RECURSION = YES;
				CLANG_WARN_INT_CONVERSION = YES;
				CLANG_WARN_NON_LITERAL_NULL_CONVERSION = YES;
				CLANG_WARN_OBJC_LITERAL_CONVERSION = YES;
				CLANG_WARN_OBJC_ROOT_CLASS = YES_ERROR;
				CLANG_WARN_RANGE_LOOP_ANALYSIS = YES;
				CLANG_WARN_STRICT_PROTOTYPES = YES;
				CLANG_WARN_SUSPICIOUS_MOVE = YES;
				CLANG_WARN_UNGUARDED_AVAILABILITY = YES_AGGRESSIVE;
				CLANG_WARN_UNREACHABLE_CODE = YES;
				CLANG_WARN__DUPLICATE_METHOD_MATCH = YES;
				CODE_SIGN_IDENTITY = "iPhone Developer";
				COPY_PHASE_STRIP = NO;
				DEBUG_INFORMATION_FORMAT = dwarf;
				ENABLE_STRICT_OBJC_MSGSEND = YES;
				ENABLE_TESTABILITY = YES;
				GCC_C_LANGUAGE_STANDARD = gnu11;
				GCC_DYNAMIC_NO_PIC = NO;
				GCC_NO_COMMON_BLOCKS = YES;
				GCC_OPTIMIZATION_LEVEL = 0;
				GCC_PREPROCESSOR_DEFINITIONS = (
					"DEBUG=1",
					"$(inherited)",
				);
				GCC_WARN_64_TO_32_BIT_CONVERSION = YES;
				GCC_WARN_ABOUT_RETURN_TYPE = YES_ERROR;
				GCC_WARN_UNDECLARED_SELECTOR = YES;
				GCC_WARN_UNINITIALIZED_AUTOS = YES_AGGRESSIVE;
				GCC_WARN_UNUSED_FUNCTION = YES;
				GCC_WARN_UNUSED_VARIABLE = YES;
				IPHONEOS_DEPLOYMENT_TARGET = 11.2;
				MTL_ENABLE_DEBUG_INFO = YES;
				ONLY_ACTIVE_ARCH = YES;
				SDKROOT = iphoneos;
			};
			name = Debug;
		};
		568445342043AEED004891D8 /* Release */ = {
			isa = XCBuildConfiguration;
			buildSettings = {
				ALWAYS_SEARCH_USER_PATHS = NO;
				CLANG_ANALYZER_NONNULL = YES;
				CLANG_ANALYZER_NUMBER_OBJECT_CONVERSION = YES_AGGRESSIVE;
				CLANG_CXX_LANGUAGE_STANDARD = "gnu++14";
				CLANG_CXX_LIBRARY = "libc++";
				CLANG_ENABLE_MODULES = YES;
				CLANG_ENABLE_OBJC_ARC = YES;
				CLANG_WARN_BLOCK_CAPTURE_AUTORELEASING = YES;
				CLANG_WARN_BOOL_CONVERSION = YES;
				CLANG_WARN_COMMA = YES;
				CLANG_WARN_CONSTANT_CONVERSION = YES;
				CLANG_WARN_DIRECT_OBJC_ISA_USAGE = YES_ERROR;
				CLANG_WARN_DOCUMENTATION_COMMENTS = YES;
				CLANG_WARN_EMPTY_BODY = YES;
				CLANG_WARN_ENUM_CONVERSION = YES;
				CLANG_WARN_INFINITE_RECURSION = YES;
				CLANG_WARN_INT_CONVERSION = YES;
				CLANG_WARN_NON_LITERAL_NULL_CONVERSION = YES;
				CLANG_WARN_OBJC_LITERAL_CONVERSION = YES;
				CLANG_WARN_OBJC_ROOT_CLASS = YES_ERROR;
				CLANG_WARN_RANGE_LOOP_ANALYSIS = YES;
				CLANG_WARN_STRICT_PROTOTYPES = YES;
				CLANG_WARN_SUSPICIOUS_MOVE = YES;
				CLANG_WARN_UNGUARDED_AVAILABILITY = YES_AGGRESSIVE;
				CLANG_WARN_UNREACHABLE_CODE = YES;
				CLANG_WARN__DUPLICATE_METHOD_MATCH = YES;
				CODE_SIGN_IDENTITY = "iPhone Developer";
				COPY_PHASE_STRIP = NO;
				DEBUG_INFORMATION_FORMAT = "dwarf-with-dsym";
				ENABLE_NS_ASSERTIONS = NO;
				ENABLE_STRICT_OBJC_MSGSEND = YES;
				GCC_C_LANGUAGE_STANDARD = gnu11;
				GCC_NO_COMMON_BLOCKS = YES;
				GCC_WARN_64_TO_32_BIT_CONVERSION = YES;
				GCC_WARN_ABOUT_RETURN_TYPE = YES_ERROR;
				GCC_WARN_UNDECLARED_SELECTOR = YES;
				GCC_WARN_UNINITIALIZED_AUTOS = YES_AGGRESSIVE;
				GCC_WARN_UNUSED_FUNCTION = YES;
				GCC_WARN_UNUSED_VARIABLE = YES;
				IPHONEOS_DEPLOYMENT_TARGET = 11.2;
				MTL_ENABLE_DEBUG_INFO = NO;
				SDKROOT = iphoneos;
				VALIDATE_PRODUCT = YES;
			};
			name = Release;
		};
		568445362043AEED004891D8 /* Debug */ = {
			isa = XCBuildConfiguration;
			buildSettings = {
				ASSETCATALOG_COMPILER_APPICON_NAME = AppIcon;
				CODE_SIGN_STYLE = Automatic;
				DEVELOPMENT_TEAM = F865HXT5XN;
				INFOPLIST_FILE = "box-Authorizer/Info.plist";
				LD_RUNPATH_SEARCH_PATHS = "$(inherited) @executable_path/Frameworks";
				PRODUCT_BUNDLE_IDENTIFIER = "com.2se.box-Authorizer";
				PRODUCT_NAME = "$(TARGET_NAME)";
				TARGETED_DEVICE_FAMILY = "1,2";
			};
			name = Debug;
		};
		568445372043AEED004891D8 /* Release */ = {
			isa = XCBuildConfiguration;
			buildSettings = {
				ASSETCATALOG_COMPILER_APPICON_NAME = AppIcon;
				CODE_SIGN_STYLE = Automatic;
				DEVELOPMENT_TEAM = F865HXT5XN;
				INFOPLIST_FILE = "box-Authorizer/Info.plist";
				LD_RUNPATH_SEARCH_PATHS = "$(inherited) @executable_path/Frameworks";
				PRODUCT_BUNDLE_IDENTIFIER = "com.2se.box-Authorizer";
				PRODUCT_NAME = "$(TARGET_NAME)";
				TARGETED_DEVICE_FAMILY = "1,2";
			};
			name = Release;
		};
		568445392043AEED004891D8 /* Debug */ = {
			isa = XCBuildConfiguration;
			buildSettings = {
				BUNDLE_LOADER = "$(TEST_HOST)";
				CODE_SIGN_STYLE = Automatic;
				DEVELOPMENT_TEAM = F865HXT5XN;
				INFOPLIST_FILE = "box-AuthorizerTests/Info.plist";
				LD_RUNPATH_SEARCH_PATHS = "$(inherited) @executable_path/Frameworks @loader_path/Frameworks";
				PRODUCT_BUNDLE_IDENTIFIER = "com.2se.box-AuthorizerTests";
				PRODUCT_NAME = "$(TARGET_NAME)";
				TARGETED_DEVICE_FAMILY = "1,2";
				TEST_HOST = "$(BUILT_PRODUCTS_DIR)/box-Authorizer.app/box-Authorizer";
			};
			name = Debug;
		};
		5684453A2043AEED004891D8 /* Release */ = {
			isa = XCBuildConfiguration;
			buildSettings = {
				BUNDLE_LOADER = "$(TEST_HOST)";
				CODE_SIGN_STYLE = Automatic;
				DEVELOPMENT_TEAM = F865HXT5XN;
				INFOPLIST_FILE = "box-AuthorizerTests/Info.plist";
				LD_RUNPATH_SEARCH_PATHS = "$(inherited) @executable_path/Frameworks @loader_path/Frameworks";
				PRODUCT_BUNDLE_IDENTIFIER = "com.2se.box-AuthorizerTests";
				PRODUCT_NAME = "$(TARGET_NAME)";
				TARGETED_DEVICE_FAMILY = "1,2";
				TEST_HOST = "$(BUILT_PRODUCTS_DIR)/box-Authorizer.app/box-Authorizer";
			};
			name = Release;
		};
		5684453C2043AEED004891D8 /* Debug */ = {
			isa = XCBuildConfiguration;
			buildSettings = {
				CODE_SIGN_STYLE = Automatic;
				DEVELOPMENT_TEAM = F865HXT5XN;
				INFOPLIST_FILE = "box-AuthorizerUITests/Info.plist";
				LD_RUNPATH_SEARCH_PATHS = "$(inherited) @executable_path/Frameworks @loader_path/Frameworks";
				PRODUCT_BUNDLE_IDENTIFIER = "com.2se.box-AuthorizerUITests";
				PRODUCT_NAME = "$(TARGET_NAME)";
				TARGETED_DEVICE_FAMILY = "1,2";
				TEST_TARGET_NAME = "box-Authorizer";
			};
			name = Debug;
		};
		5684453D2043AEED004891D8 /* Release */ = {
			isa = XCBuildConfiguration;
			buildSettings = {
				CODE_SIGN_STYLE = Automatic;
				DEVELOPMENT_TEAM = F865HXT5XN;
				INFOPLIST_FILE = "box-AuthorizerUITests/Info.plist";
				LD_RUNPATH_SEARCH_PATHS = "$(inherited) @executable_path/Frameworks @loader_path/Frameworks";
				PRODUCT_BUNDLE_IDENTIFIER = "com.2se.box-AuthorizerUITests";
				PRODUCT_NAME = "$(TARGET_NAME)";
				TARGETED_DEVICE_FAMILY = "1,2";
				TEST_TARGET_NAME = "box-Authorizer";
			};
			name = Release;
		};
/* End XCBuildConfiguration section */

/* Begin XCConfigurationList section */
		568445042043AEEC004891D8 /* Build configuration list for PBXProject "box-Authorizer" */ = {
			isa = XCConfigurationList;
			buildConfigurations = (
				568445332043AEED004891D8 /* Debug */,
				568445342043AEED004891D8 /* Release */,
			);
			defaultConfigurationIsVisible = 0;
			defaultConfigurationName = Release;
		};
		568445352043AEED004891D8 /* Build configuration list for PBXNativeTarget "box-Authorizer" */ = {
			isa = XCConfigurationList;
			buildConfigurations = (
				568445362043AEED004891D8 /* Debug */,
				568445372043AEED004891D8 /* Release */,
			);
			defaultConfigurationIsVisible = 0;
			defaultConfigurationName = Release;
		};
		568445382043AEED004891D8 /* Build configuration list for PBXNativeTarget "box-AuthorizerTests" */ = {
			isa = XCConfigurationList;
			buildConfigurations = (
				568445392043AEED004891D8 /* Debug */,
				5684453A2043AEED004891D8 /* Release */,
			);
			defaultConfigurationIsVisible = 0;
			defaultConfigurationName = Release;
		};
		5684453B2043AEED004891D8 /* Build configuration list for PBXNativeTarget "box-AuthorizerUITests" */ = {
			isa = XCConfigurationList;
			buildConfigurations = (
				5684453C2043AEED004891D8 /* Debug */,
				5684453D2043AEED004891D8 /* Release */,
			);
			defaultConfigurationIsVisible = 0;
			defaultConfigurationName = Release;
		};
/* End XCConfigurationList section */
	};
	rootObject = 568445012043AEEC004891D8 /* Project object */;
}
